
Microsoft Visual Studio Solution File, Format Version 12.00
# Visual Studio Version 17
VisualStudioVersion = 17.2.32616.157
MinimumVisualStudioVersion = 10.0.40219.1
Project("{F184B08F-C81C-45F6-A57F-5ABD9991F28F}") = "Project_kasir_uas", "Project_kasir_uas\Project_kasir_uas.vbproj", "{87DA32DE-D7AC-4230-B57A-8FF4286E2569}"
EndProject
Global
	GlobalSection(SolutionConfigurationPlatforms) = preSolution
		Debug|Any CPU = Debug|Any CPU
		Release|Any CPU = Release|Any CPU
	EndGlobalSection
	GlobalSection(ProjectConfigurationPlatforms) = postSolution
		{87DA32DE-D7AC-4230-B57A-8FF4286E2569}.Debug|Any CPU.ActiveCfg = Debug|Any CPU
		{87DA32DE-D7AC-4230-B57A-8FF4286E2569}.Debug|Any CPU.Build.0 = Debug|Any CPU
		{87DA32DE-D7AC-4230-B57A-8FF4286E2569}.Release|Any CPU.ActiveCfg = Release|Any CPU
		{87DA32DE-D7AC-4230-B57A-8FF4286E2569}.Release|Any CPU.Build.0 = Release|Any CPU
	EndGlobalSection
	GlobalSection(SolutionProperties) = preSolution
		HideSolutionNode = FALSE
	EndGlobalSection
	GlobalSection(ExtensibilityGlobals) = postSolution
		SolutionGuid = {8875453D-6E3D-4405-882C-5D7EC9239740}
	EndGlobalSection
EndGlobal
